
Microsoft Visual Studio Solution File, Format Version 12.00
# Visual Studio 15
VisualStudioVersion = 15.0.28010.2041
MinimumVisualStudioVersion = 10.0.40219.1
Project("{FAE04EC0-301F-11D3-BF4B-00C04F79EFBC}") = "TicTacToe", "TicTacToe\TicTacToe.csproj", "{7370321E-9FD8-4E85-95C8-41EB3675EA48}"
EndProject
Global
	GlobalSection(SolutionConfigurationPlatforms) = preSolution
		Debug|Any CPU = Debug|Any CPU
		Release|Any CPU = Release|Any CPU
	EndGlobalSection
	GlobalSection(ProjectConfigurationPlatforms) = postSolution
		{7370321E-9FD8-4E85-95C8-41EB3675EA48}.Debug|Any CPU.ActiveCfg = Debug|Any CPU
		{7370321E-9FD8-4E85-95C8-41EB3675EA48}.Debug|Any CPU.Build.0 = Debug|Any CPU
		{7370321E-9FD8-4E85-95C8-41EB3675EA48}.Release|Any CPU.ActiveCfg = Release|Any CPU
		{7370321E-9FD8-4E85-95C8-41EB3675EA48}.Release|Any CPU.Build.0 = Release|Any CPU
	EndGlobalSection
	GlobalSection(SolutionProperties) = preSolution
		HideSolutionNode = FALSE
	EndGlobalSection
	GlobalSection(ExtensibilityGlobals) = postSolution
		SolutionGuid = {7708E4B0-3F62-4EC0-8991-4813F404C4FD}
	EndGlobalSection
EndGlobal
